
Microsoft Visual Studio Solution File, Format Version 12.00
# Visual Studio Version 17
VisualStudioVersion = 17.4.33213.308
MinimumVisualStudioVersion = 10.0.40219.1
Project("{FAE04EC0-301F-11D3-BF4B-00C04F79EFBC}") = "WebApplication4", "WebApplication4\WebApplication4.csproj", "{ECCA1FB8-10B0-4045-82A8-6EE3DDDECC5A}"
EndProject
Global
	GlobalSection(SolutionConfigurationPlatforms) = preSolution
		Debug|Any CPU = Debug|Any CPU
		Release|Any CPU = Release|Any CPU
	EndGlobalSection
	GlobalSection(ProjectConfigurationPlatforms) = postSolution
		{ECCA1FB8-10B0-4045-82A8-6EE3DDDECC5A}.Debug|Any CPU.ActiveCfg = Debug|Any CPU
		{ECCA1FB8-10B0-4045-82A8-6EE3DDDECC5A}.Debug|Any CPU.Build.0 = Debug|Any CPU
		{ECCA1FB8-10B0-4045-82A8-6EE3DDDECC5A}.Release|Any CPU.ActiveCfg = Release|Any CPU
		{ECCA1FB8-10B0-4045-82A8-6EE3DDDECC5A}.Release|Any CPU.Build.0 = Release|Any CPU
	EndGlobalSection
	GlobalSection(SolutionProperties) = preSolution
		HideSolutionNode = FALSE
	EndGlobalSection
	GlobalSection(ExtensibilityGlobals) = postSolution
		SolutionGuid = {16C97627-63E8-4ECA-AA21-87F2E692380C}
	EndGlobalSection
EndGlobal
